
Microsoft Visual Studio Solution File, Format Version 12.00
# Visual Studio Version 17
VisualStudioVersion = 17.8.34322.80
MinimumVisualStudioVersion = 10.0.40219.1
Project("{FAE04EC0-301F-11D3-BF4B-00C04F79EFBC}") = "Application.API", "Application.API\Application.API.csproj", "{9BC3FDD9-740D-433D-AA07-800AA4D9E408}"
EndProject
Project("{2150E333-8FDC-42A3-9474-1A3956D46DE8}") = "Solution Items", "Solution Items", "{A25D7EDF-182D-4CF8-8E2A-ED0056F5CA85}"
	ProjectSection(SolutionItems) = preProject
		.editorconfig = .editorconfig
	EndProjectSection
EndProject
Project("{FAE04EC0-301F-11D3-BF4B-00C04F79EFBC}") = "Core.BusinessLogic", "Core.BusinessLogic\Core.BusinessLogic.csproj", "{0E48CAF3-8C62-4ECB-80F0-A0B026797860}"
EndProject
Global
	GlobalSection(SolutionConfigurationPlatforms) = preSolution
		Debug|Any CPU = Debug|Any CPU
		Release|Any CPU = Release|Any CPU
	EndGlobalSection
	GlobalSection(ProjectConfigurationPlatforms) = postSolution
		{9BC3FDD9-740D-433D-AA07-800AA4D9E408}.Debug|Any CPU.ActiveCfg = Debug|Any CPU
		{9BC3FDD9-740D-433D-AA07-800AA4D9E408}.Debug|Any CPU.Build.0 = Debug|Any CPU
		{9BC3FDD9-740D-433D-AA07-800AA4D9E408}.Release|Any CPU.ActiveCfg = Release|Any CPU
		{9BC3FDD9-740D-433D-AA07-800AA4D9E408}.Release|Any CPU.Build.0 = Release|Any CPU
		{0E48CAF3-8C62-4ECB-80F0-A0B026797860}.Debug|Any CPU.ActiveCfg = Debug|Any CPU
		{0E48CAF3-8C62-4ECB-80F0-A0B026797860}.Debug|Any CPU.Build.0 = Debug|Any CPU
		{0E48CAF3-8C62-4ECB-80F0-A0B026797860}.Release|Any CPU.ActiveCfg = Release|Any CPU
		{0E48CAF3-8C62-4ECB-80F0-A0B026797860}.Release|Any CPU.Build.0 = Release|Any CPU
	EndGlobalSection
	GlobalSection(SolutionProperties) = preSolution
		HideSolutionNode = FALSE
	EndGlobalSection
	GlobalSection(ExtensibilityGlobals) = postSolution
		SolutionGuid = {607D3C93-0F10-4ABD-A6D5-43A1AA4B3904}
	EndGlobalSection
EndGlobal
